
Microsoft Visual Studio Solution File, Format Version 12.00
# Visual Studio Version 17
VisualStudioVersion = 17.9.34622.214
MinimumVisualStudioVersion = 10.0.40219.1
Project("{FAE04EC0-301F-11D3-BF4B-00C04F79EFBC}") = "DevFreela.API", "DevFreela.API\DevFreela.API.csproj", "{DCE8E049-E9EE-452F-AFF5-239CDC59FCD2}"
EndProject
Project("{FAE04EC0-301F-11D3-BF4B-00C04F79EFBC}") = "DevFreela.Core", "DevFreela.Core\DevFreela.Core.csproj", "{50FE6F26-5562-4FEC-A367-0B7BF48ADDBA}"
EndProject
Project("{FAE04EC0-301F-11D3-BF4B-00C04F79EFBC}") = "DevFreela.Infrastructure", "DevFreela.Infrastructure\DevFreela.Infrastructure.csproj", "{44B0D624-9E78-4635-BDDB-70DC55DA80CF}"
EndProject
Project("{FAE04EC0-301F-11D3-BF4B-00C04F79EFBC}") = "DevFreela.Application", "DevFreela.Application\DevFreela.Application.csproj", "{500C0482-6BE0-4FFD-B20F-CFE9E0C24D67}"
EndProject
Global
	GlobalSection(SolutionConfigurationPlatforms) = preSolution
		Debug|Any CPU = Debug|Any CPU
		Release|Any CPU = Release|Any CPU
	EndGlobalSection
	GlobalSection(ProjectConfigurationPlatforms) = postSolution
		{DCE8E049-E9EE-452F-AFF5-239CDC59FCD2}.Debug|Any CPU.ActiveCfg = Debug|Any CPU
		{DCE8E049-E9EE-452F-AFF5-239CDC59FCD2}.Debug|Any CPU.Build.0 = Debug|Any CPU
		{DCE8E049-E9EE-452F-AFF5-239CDC59FCD2}.Release|Any CPU.ActiveCfg = Release|Any CPU
		{DCE8E049-E9EE-452F-AFF5-239CDC59FCD2}.Release|Any CPU.Build.0 = Release|Any CPU
		{50FE6F26-5562-4FEC-A367-0B7BF48ADDBA}.Debug|Any CPU.ActiveCfg = Debug|Any CPU
		{50FE6F26-5562-4FEC-A367-0B7BF48ADDBA}.Debug|Any CPU.Build.0 = Debug|Any CPU
		{50FE6F26-5562-4FEC-A367-0B7BF48ADDBA}.Release|Any CPU.ActiveCfg = Release|Any CPU
		{50FE6F26-5562-4FEC-A367-0B7BF48ADDBA}.Release|Any CPU.Build.0 = Release|Any CPU
		{44B0D624-9E78-4635-BDDB-70DC55DA80CF}.Debug|Any CPU.ActiveCfg = Debug|Any CPU
		{44B0D624-9E78-4635-BDDB-70DC55DA80CF}.Debug|Any CPU.Build.0 = Debug|Any CPU
		{44B0D624-9E78-4635-BDDB-70DC55DA80CF}.Release|Any CPU.ActiveCfg = Release|Any CPU
		{44B0D624-9E78-4635-BDDB-70DC55DA80CF}.Release|Any CPU.Build.0 = Release|Any CPU
		{500C0482-6BE0-4FFD-B20F-CFE9E0C24D67}.Debug|Any CPU.ActiveCfg = Debug|Any CPU
		{500C0482-6BE0-4FFD-B20F-CFE9E0C24D67}.Debug|Any CPU.Build.0 = Debug|Any CPU
		{500C0482-6BE0-4FFD-B20F-CFE9E0C24D67}.Release|Any CPU.ActiveCfg = Release|Any CPU
		{500C0482-6BE0-4FFD-B20F-CFE9E0C24D67}.Release|Any CPU.Build.0 = Release|Any CPU
	EndGlobalSection
	GlobalSection(SolutionProperties) = preSolution
		HideSolutionNode = FALSE
	EndGlobalSection
	GlobalSection(ExtensibilityGlobals) = postSolution
		SolutionGuid = {945DE3D3-F011-45D2-9B79-A59AB14BBAB0}
	EndGlobalSection
EndGlobal
